
Microsoft Visual Studio Solution File, Format Version 12.00
# Visual Studio 15
VisualStudioVersion = 15.0.28307.645
MinimumVisualStudioVersion = 10.0.40219.1
Project("{FAE04EC0-301F-11D3-BF4B-00C04F79EFBC}") = "IRESProject.Android", "IRESProject\IRESProject.Android\IRESProject.Android.csproj", "{5F972D78-71C1-4420-A55B-9F291BA2EABB}"
EndProject
Project("{FAE04EC0-301F-11D3-BF4B-00C04F79EFBC}") = "IRESProject.iOS", "IRESProject\IRESProject.iOS\IRESProject.iOS.csproj", "{BFB52BF1-C8FD-4596-A8C1-F06B6A946FA4}"
EndProject
Project("{9A19103F-16F7-4668-BE54-9A1E7A4F7556}") = "IRESProject", "IRESProject\IRESProject\IRESProject.csproj", "{25C758AD-26D9-48A1-B68C-2C42E01B3EA0}"
EndProject
Project("{9A19103F-16F7-4668-BE54-9A1E7A4F7556}") = "ViewModels", "ViewModels\ViewModels.csproj", "{750DD3D0-C92B-4094-901A-BE79952B86EC}"
EndProject
Project("{9A19103F-16F7-4668-BE54-9A1E7A4F7556}") = "Models", "Models\Models.csproj", "{211CFEBE-7B29-4BD1-8DAB-EF065F01CB0D}"
EndProject
Project("{9A19103F-16F7-4668-BE54-9A1E7A4F7556}") = "Services", "Services\Services.csproj", "{80D294B0-C6FF-4F88-A7C1-4EC14D4B76FA}"
EndProject
Global
	GlobalSection(SolutionConfigurationPlatforms) = preSolution
		Ad-Hoc|Any CPU = Ad-Hoc|Any CPU
		Ad-Hoc|iPhone = Ad-Hoc|iPhone
		Ad-Hoc|iPhoneSimulator = Ad-Hoc|iPhoneSimulator
		AppStore|Any CPU = AppStore|Any CPU
		AppStore|iPhone = AppStore|iPhone
		AppStore|iPhoneSimulator = AppStore|iPhoneSimulator
		Debug|Any CPU = Debug|Any CPU
		Debug|iPhone = Debug|iPhone
		Debug|iPhoneSimulator = Debug|iPhoneSimulator
		Release|Any CPU = Release|Any CPU
		Release|iPhone = Release|iPhone
		Release|iPhoneSimulator = Release|iPhoneSimulator
	EndGlobalSection
	GlobalSection(ProjectConfigurationPlatforms) = postSolution
		{5F972D78-71C1-4420-A55B-9F291BA2EABB}.Ad-Hoc|Any CPU.ActiveCfg = Release|Any CPU
		{5F972D78-71C1-4420-A55B-9F291BA2EABB}.Ad-Hoc|Any CPU.Build.0 = Release|Any CPU
		{5F972D78-71C1-4420-A55B-9F291BA2EABB}.Ad-Hoc|Any CPU.Deploy.0 = Release|Any CPU
		{5F972D78-71C1-4420-A55B-9F291BA2EABB}.Ad-Hoc|iPhone.ActiveCfg = Release|Any CPU
		{5F972D78-71C1-4420-A55B-9F291BA2EABB}.Ad-Hoc|iPhone.Build.0 = Release|Any CPU
		{5F972D78-71C1-4420-A55B-9F291BA2EABB}.Ad-Hoc|iPhone.Deploy.0 = Release|Any CPU
		{5F972D78-71C1-4420-A55B-9F291BA2EABB}.Ad-Hoc|iPhoneSimulator.ActiveCfg = Release|Any CPU
		{5F972D78-71C1-4420-A55B-9F291BA2EABB}.Ad-Hoc|iPhoneSimulator.Build.0 = Release|Any CPU
		{5F972D78-71C1-4420-A55B-9F291BA2EABB}.Ad-Hoc|iPhoneSimulator.Deploy.0 = Release|Any CPU
		{5F972D78-71C1-4420-A55B-9F291BA2EABB}.AppStore|Any CPU.ActiveCfg = Release|Any CPU
		{5F972D78-71C1-4420-A55B-9F291BA2EABB}.AppStore|Any CPU.Build.0 = Release|Any CPU
		{5F972D78-71C1-4420-A55B-9F291BA2EABB}.AppStore|Any CPU.Deploy.0 = Release|Any CPU
		{5F972D78-71C1-4420-A55B-9F291BA2EABB}.AppStore|iPhone.ActiveCfg = Release|Any CPU
		{5F972D78-71C1-4420-A55B-9F291BA2EABB}.AppStore|iPhone.Build.0 = Release|Any CPU
		{5F972D78-71C1-4420-A55B-9F291BA2EABB}.AppStore|iPhone.Deploy.0 = Release|Any CPU
		{5F972D78-71C1-4420-A55B-9F291BA2EABB}.AppStore|iPhoneSimulator.ActiveCfg = Release|Any CPU
		{5F972D78-71C1-4420-A55B-9F291BA2EABB}.AppStore|iPhoneSimulator.Build.0 = Release|Any CPU
		{5F972D78-71C1-4420-A55B-9F291BA2EABB}.AppStore|iPhoneSimulator.Deploy.0 = Release|Any CPU
		{5F972D78-71C1-4420-A55B-9F291BA2EABB}.Debug|Any CPU.ActiveCfg = Debug|Any CPU
		{5F972D78-71C1-4420-A55B-9F291BA2EABB}.Debug|Any CPU.Build.0 = Debug|Any CPU
		{5F972D78-71C1-4420-A55B-9F291BA2EABB}.Debug|Any CPU.Deploy.0 = Debug|Any CPU
		{5F972D78-71C1-4420-A55B-9F291BA2EABB}.Debug|iPhone.ActiveCfg = Debug|Any CPU
		{5F972D78-71C1-4420-A55B-9F291BA2EABB}.Debug|iPhone.Build.0 = Debug|Any CPU
		{5F972D78-71C1-4420-A55B-9F291BA2EABB}.Debug|iPhone.Deploy.0 = Debug|Any CPU
		{5F972D78-71C1-4420-A55B-9F291BA2EABB}.Debug|iPhoneSimulator.ActiveCfg = Debug|Any CPU
		{5F972D78-71C1-4420-A55B-9F291BA2EABB}.Debug|iPhoneSimulator.Build.0 = Debug|Any CPU
		{5F972D78-71C1-4420-A55B-9F291BA2EABB}.Debug|iPhoneSimulator.Deploy.0 = Debug|Any CPU
		{5F972D78-71C1-4420-A55B-9F291BA2EABB}.Release|Any CPU.ActiveCfg = Release|Any CPU
		{5F972D78-71C1-4420-A55B-9F291BA2EABB}.Release|Any CPU.Build.0 = Release|Any CPU
		{5F972D78-71C1-4420-A55B-9F291BA2EABB}.Release|Any CPU.Deploy.0 = Release|Any CPU
		{5F972D78-71C1-4420-A55B-9F291BA2EABB}.Release|iPhone.ActiveCfg = Release|Any CPU
		{5F972D78-71C1-4420-A55B-9F291BA2EABB}.Release|iPhone.Build.0 = Release|Any CPU
		{5F972D78-71C1-4420-A55B-9F291BA2EABB}.Release|iPhone.Deploy.0 = Release|Any CPU
		{5F972D78-71C1-4420-A55B-9F291BA2EABB}.Release|iPhoneSimulator.ActiveCfg = Release|Any CPU
		{5F972D78-71C1-4420-A55B-9F291BA2EABB}.Release|iPhoneSimulator.Build.0 = Release|Any CPU
		{5F972D78-71C1-4420-A55B-9F291BA2EABB}.Release|iPhoneSimulator.Deploy.0 = Release|Any CPU
		{BFB52BF1-C8FD-4596-A8C1-F06B6A946FA4}.Ad-Hoc|Any CPU.ActiveCfg = Ad-Hoc|iPhone
		{BFB52BF1-C8FD-4596-A8C1-F06B6A946FA4}.Ad-Hoc|Any CPU.Build.0 = Ad-Hoc|iPhone
		{BFB52BF1-C8FD-4596-A8C1-F06B6A946FA4}.Ad-Hoc|Any CPU.Deploy.0 = Ad-Hoc|iPhone
		{BFB52BF1-C8FD-4596-A8C1-F06B6A946FA4}.Ad-Hoc|iPhone.ActiveCfg = Ad-Hoc|iPhone
		{BFB52BF1-C8FD-4596-A8C1-F06B6A946FA4}.Ad-Hoc|iPhone.Build.0 = Ad-Hoc|iPhone
		{BFB52BF1-C8FD-4596-A8C1-F06B6A946FA4}.Ad-Hoc|iPhone.Deploy.0 = Ad-Hoc|iPhone
		{BFB52BF1-C8FD-4596-A8C1-F06B6A946FA4}.Ad-Hoc|iPhoneSimulator.ActiveCfg = Ad-Hoc|iPhoneSimulator
		{BFB52BF1-C8FD-4596-A8C1-F06B6A946FA4}.Ad-Hoc|iPhoneSimulator.Build.0 = Ad-Hoc|iPhoneSimulator
		{BFB52BF1-C8FD-4596-A8C1-F06B6A946FA4}.Ad-Hoc|iPhoneSimulator.Deploy.0 = Ad-Hoc|iPhoneSimulator
		{BFB52BF1-C8FD-4596-A8C1-F06B6A946FA4}.AppStore|Any CPU.ActiveCfg = AppStore|iPhone
		{BFB52BF1-C8FD-4596-A8C1-F06B6A946FA4}.AppStore|Any CPU.Build.0 = AppStore|iPhone
		{BFB52BF1-C8FD-4596-A8C1-F06B6A946FA4}.AppStore|Any CPU.Deploy.0 = AppStore|iPhone
		{BFB52BF1-C8FD-4596-A8C1-F06B6A946FA4}.AppStore|iPhone.ActiveCfg = AppStore|iPhone
		{BFB52BF1-C8FD-4596-A8C1-F06B6A946FA4}.AppStore|iPhone.Build.0 = AppStore|iPhone
		{BFB52BF1-C8FD-4596-A8C1-F06B6A946FA4}.AppStore|iPhone.Deploy.0 = AppStore|iPhone
		{BFB52BF1-C8FD-4596-A8C1-F06B6A946FA4}.AppStore|iPhoneSimulator.ActiveCfg = AppStore|iPhoneSimulator
		{BFB52BF1-C8FD-4596-A8C1-F06B6A946FA4}.AppStore|iPhoneSimulator.Build.0 = AppStore|iPhoneSimulator
		{BFB52BF1-C8FD-4596-A8C1-F06B6A946FA4}.AppStore|iPhoneSimulator.Deploy.0 = AppStore|iPhoneSimulator
		{BFB52BF1-C8FD-4596-A8C1-F06B6A946FA4}.Debug|Any CPU.ActiveCfg = Debug|iPhoneSimulator
		{BFB52BF1-C8FD-4596-A8C1-F06B6A946FA4}.Debug|Any CPU.Build.0 = Debug|iPhoneSimulator
		{BFB52BF1-C8FD-4596-A8C1-F06B6A946FA4}.Debug|Any CPU.Deploy.0 = Debug|iPhoneSimulator
		{BFB52BF1-C8FD-4596-A8C1-F06B6A946FA4}.Debug|iPhone.ActiveCfg = Debug|iPhone
		{BFB52BF1-C8FD-4596-A8C1-F06B6A946FA4}.Debug|iPhone.Build.0 = Debug|iPhone
		{BFB52BF1-C8FD-4596-A8C1-F06B6A946FA4}.Debug|iPhone.Deploy.0 = Debug|iPhone
		{BFB52BF1-C8FD-4596-A8C1-F06B6A946FA4}.Debug|iPhoneSimulator.ActiveCfg = Debug|iPhoneSimulator
		{BFB52BF1-C8FD-4596-A8C1-F06B6A946FA4}.Debug|iPhoneSimulator.Build.0 = Debug|iPhoneSimulator
		{BFB52BF1-C8FD-4596-A8C1-F06B6A946FA4}.Debug|iPhoneSimulator.Deploy.0 = Debug|iPhoneSimulator
		{BFB52BF1-C8FD-4596-A8C1-F06B6A946FA4}.Release|Any CPU.ActiveCfg = Release|iPhone
		{BFB52BF1-C8FD-4596-A8C1-F06B6A946FA4}.Release|Any CPU.Build.0 = Release|iPhone
		{BFB52BF1-C8FD-4596-A8C1-F06B6A946FA4}.Release|Any CPU.Deploy.0 = Release|iPhone
		{BFB52BF1-C8FD-4596-A8C1-F06B6A946FA4}.Release|iPhone.ActiveCfg = Release|iPhone
		{BFB52BF1-C8FD-4596-A8C1-F06B6A946FA4}.Release|iPhone.Build.0 = Release|iPhone
		{BFB52BF1-C8FD-4596-A8C1-F06B6A946FA4}.Release|iPhone.Deploy.0 = Release|iPhone
		{BFB52BF1-C8FD-4596-A8C1-F06B6A946FA4}.Release|iPhoneSimulator.ActiveCfg = Release|iPhoneSimulator
		{BFB52BF1-C8FD-4596-A8C1-F06B6A946FA4}.Release|iPhoneSimulator.Build.0 = Release|iPhoneSimulator
		{BFB52BF1-C8FD-4596-A8C1-F06B6A946FA4}.Release|iPhoneSimulator.Deploy.0 = Release|iPhoneSimulator
		{25C758AD-26D9-48A1-B68C-2C42E01B3EA0}.Ad-Hoc|Any CPU.ActiveCfg = Debug|Any CPU
		{25C758AD-26D9-48A1-B68C-2C42E01B3EA0}.Ad-Hoc|Any CPU.Build.0 = Debug|Any CPU
		{25C758AD-26D9-48A1-B68C-2C42E01B3EA0}.Ad-Hoc|Any CPU.Deploy.0 = Debug|Any CPU
		{25C758AD-26D9-48A1-B68C-2C42E01B3EA0}.Ad-Hoc|iPhone.ActiveCfg = Debug|Any CPU
		{25C758AD-26D9-48A1-B68C-2C42E01B3EA0}.Ad-Hoc|iPhone.Build.0 = Debug|Any CPU
		{25C758AD-26D9-48A1-B68C-2C42E01B3EA0}.Ad-Hoc|iPhone.Deploy.0 = Debug|Any CPU
		{25C758AD-26D9-48A1-B68C-2C42E01B3EA0}.Ad-Hoc|iPhoneSimulator.ActiveCfg = Debug|Any CPU
		{25C758AD-26D9-48A1-B68C-2C42E01B3EA0}.Ad-Hoc|iPhoneSimulator.Build.0 = Debug|Any CPU
		{25C758AD-26D9-48A1-B68C-2C42E01B3EA0}.Ad-Hoc|iPhoneSimulator.Deploy.0 = Debug|Any CPU
		{25C758AD-26D9-48A1-B68C-2C42E01B3EA0}.AppStore|Any CPU.ActiveCfg = Debug|Any CPU
		{25C758AD-26D9-48A1-B68C-2C42E01B3EA0}.AppStore|Any CPU.Build.0 = Debug|Any CPU
		{25C758AD-26D9-48A1-B68C-2C42E01B3EA0}.AppStore|Any CPU.Deploy.0 = Debug|Any CPU
		{25C758AD-26D9-48A1-B68C-2C42E01B3EA0}.AppStore|iPhone.ActiveCfg = Debug|Any CPU
		{25C758AD-26D9-48A1-B68C-2C42E01B3EA0}.AppStore|iPhone.Build.0 = Debug|Any CPU
		{25C758AD-26D9-48A1-B68C-2C42E01B3EA0}.AppStore|iPhone.Deploy.0 = Debug|Any CPU
		{25C758AD-26D9-48A1-B68C-2C42E01B3EA0}.AppStore|iPhoneSimulator.ActiveCfg = Debug|Any CPU
		{25C758AD-26D9-48A1-B68C-2C42E01B3EA0}.AppStore|iPhoneSimulator.Build.0 = Debug|Any CPU
		{25C758AD-26D9-48A1-B68C-2C42E01B3EA0}.AppStore|iPhoneSimulator.Deploy.0 = Debug|Any CPU
		{25C758AD-26D9-48A1-B68C-2C42E01B3EA0}.Debug|Any CPU.ActiveCfg = Debug|Any CPU
		{25C758AD-26D9-48A1-B68C-2C42E01B3EA0}.Debug|Any CPU.Build.0 = Debug|Any CPU
		{25C758AD-26D9-48A1-B68C-2C42E01B3EA0}.Debug|Any CPU.Deploy.0 = Debug|Any CPU
		{25C758AD-26D9-48A1-B68C-2C42E01B3EA0}.Debug|iPhone.ActiveCfg = Debug|Any CPU
		{25C758AD-26D9-48A1-B68C-2C42E01B3EA0}.Debug|iPhone.Build.0 = Debug|Any CPU
		{25C758AD-26D9-48A1-B68C-2C42E01B3EA0}.Debug|iPhone.Deploy.0 = Debug|Any CPU
		{25C758AD-26D9-48A1-B68C-2C42E01B3EA0}.Debug|iPhoneSimulator.ActiveCfg = Debug|Any CPU
		{25C758AD-26D9-48A1-B68C-2C42E01B3EA0}.Debug|iPhoneSimulator.Build.0 = Debug|Any CPU
		{25C758AD-26D9-48A1-B68C-2C42E01B3EA0}.Debug|iPhoneSimulator.Deploy.0 = Debug|Any CPU
		{25C758AD-26D9-48A1-B68C-2C42E01B3EA0}.Release|Any CPU.ActiveCfg = Release|Any CPU
		{25C758AD-26D9-48A1-B68C-2C42E01B3EA0}.Release|Any CPU.Build.0 = Release|Any CPU
		{25C758AD-26D9-48A1-B68C-2C42E01B3EA0}.Release|Any CPU.Deploy.0 = Release|Any CPU
		{25C758AD-26D9-48A1-B68C-2C42E01B3EA0}.Release|iPhone.ActiveCfg = Release|Any CPU
		{25C758AD-26D9-48A1-B68C-2C42E01B3EA0}.Release|iPhone.Build.0 = Release|Any CPU
		{25C758AD-26D9-48A1-B68C-2C42E01B3EA0}.Release|iPhone.Deploy.0 = Release|Any CPU
		{25C758AD-26D9-48A1-B68C-2C42E01B3EA0}.Release|iPhoneSimulator.ActiveCfg = Release|Any CPU
		{25C758AD-26D9-48A1-B68C-2C42E01B3EA0}.Release|iPhoneSimulator.Build.0 = Release|Any CPU
		{25C758AD-26D9-48A1-B68C-2C42E01B3EA0}.Release|iPhoneSimulator.Deploy.0 = Release|Any CPU
		{750DD3D0-C92B-4094-901A-BE79952B86EC}.Ad-Hoc|Any CPU.ActiveCfg = Debug|Any CPU
		{750DD3D0-C92B-4094-901A-BE79952B86EC}.Ad-Hoc|Any CPU.Build.0 = Debug|Any CPU
		{750DD3D0-C92B-4094-901A-BE79952B86EC}.Ad-Hoc|iPhone.ActiveCfg = Debug|Any CPU
		{750DD3D0-C92B-4094-901A-BE79952B86EC}.Ad-Hoc|iPhone.Build.0 = Debug|Any CPU
		{750DD3D0-C92B-4094-901A-BE79952B86EC}.Ad-Hoc|iPhoneSimulator.ActiveCfg = Debug|Any CPU
		{750DD3D0-C92B-4094-901A-BE79952B86EC}.Ad-Hoc|iPhoneSimulator.Build.0 = Debug|Any CPU
		{750DD3D0-C92B-4094-901A-BE79952B86EC}.AppStore|Any CPU.ActiveCfg = Debug|Any CPU
		{750DD3D0-C92B-4094-901A-BE79952B86EC}.AppStore|Any CPU.Build.0 = Debug|Any CPU
		{750DD3D0-C92B-4094-901A-BE79952B86EC}.AppStore|iPhone.ActiveCfg = Debug|Any CPU
		{750DD3D0-C92B-4094-901A-BE79952B86EC}.AppStore|iPhone.Build.0 = Debug|Any CPU
		{750DD3D0-C92B-4094-901A-BE79952B86EC}.AppStore|iPhoneSimulator.ActiveCfg = Debug|Any CPU
		{750DD3D0-C92B-4094-901A-BE79952B86EC}.AppStore|iPhoneSimulator.Build.0 = Debug|Any CPU
		{750DD3D0-C92B-4094-901A-BE79952B86EC}.Debug|Any CPU.ActiveCfg = Debug|Any CPU
		{750DD3D0-C92B-4094-901A-BE79952B86EC}.Debug|Any CPU.Build.0 = Debug|Any CPU
		{750DD3D0-C92B-4094-901A-BE79952B86EC}.Debug|iPhone.ActiveCfg = Debug|Any CPU
		{750DD3D0-C92B-4094-901A-BE79952B86EC}.Debug|iPhone.Build.0 = Debug|Any CPU
		{750DD3D0-C92B-4094-901A-BE79952B86EC}.Debug|iPhoneSimulator.ActiveCfg = Debug|Any CPU
		{750DD3D0-C92B-4094-901A-BE79952B86EC}.Debug|iPhoneSimulator.Build.0 = Debug|Any CPU
		{750DD3D0-C92B-4094-901A-BE79952B86EC}.Release|Any CPU.ActiveCfg = Release|Any CPU
		{750DD3D0-C92B-4094-901A-BE79952B86EC}.Release|Any CPU.Build.0 = Release|Any CPU
		{750DD3D0-C92B-4094-901A-BE79952B86EC}.Release|iPhone.ActiveCfg = Release|Any CPU
		{750DD3D0-C92B-4094-901A-BE79952B86EC}.Release|iPhone.Build.0 = Release|Any CPU
		{750DD3D0-C92B-4094-901A-BE79952B86EC}.Release|iPhoneSimulator.ActiveCfg = Release|Any CPU
		{750DD3D0-C92B-4094-901A-BE79952B86EC}.Release|iPhoneSimulator.Build.0 = Release|Any CPU
		{211CFEBE-7B29-4BD1-8DAB-EF065F01CB0D}.Ad-Hoc|Any CPU.ActiveCfg = Debug|Any CPU
		{211CFEBE-7B29-4BD1-8DAB-EF065F01CB0D}.Ad-Hoc|Any CPU.Build.0 = Debug|Any CPU
		{211CFEBE-7B29-4BD1-8DAB-EF065F01CB0D}.Ad-Hoc|iPhone.ActiveCfg = Debug|Any CPU
		{211CFEBE-7B29-4BD1-8DAB-EF065F01CB0D}.Ad-Hoc|iPhone.Build.0 = Debug|Any CPU
		{211CFEBE-7B29-4BD1-8DAB-EF065F01CB0D}.Ad-Hoc|iPhoneSimulator.ActiveCfg = Debug|Any CPU
		{211CFEBE-7B29-4BD1-8DAB-EF065F01CB0D}.Ad-Hoc|iPhoneSimulator.Build.0 = Debug|Any CPU
		{211CFEBE-7B29-4BD1-8DAB-EF065F01CB0D}.AppStore|Any CPU.ActiveCfg = Debug|Any CPU
		{211CFEBE-7B29-4BD1-8DAB-EF065F01CB0D}.AppStore|Any CPU.Build.0 = Debug|Any CPU
		{211CFEBE-7B29-4BD1-8DAB-EF065F01CB0D}.AppStore|iPhone.ActiveCfg = Debug|Any CPU
		{211CFEBE-7B29-4BD1-8DAB-EF065F01CB0D}.AppStore|iPhone.Build.0 = Debug|Any CPU
		{211CFEBE-7B29-4BD1-8DAB-EF065F01CB0D}.AppStore|iPhoneSimulator.ActiveCfg = Debug|Any CPU
		{211CFEBE-7B29-4BD1-8DAB-EF065F01CB0D}.AppStore|iPhoneSimulator.Build.0 = Debug|Any CPU
		{211CFEBE-7B29-4BD1-8DAB-EF065F01CB0D}.Debug|Any CPU.ActiveCfg = Debug|Any CPU
		{211CFEBE-7B29-4BD1-8DAB-EF065F01CB0D}.Debug|Any CPU.Build.0 = Debug|Any CPU
		{211CFEBE-7B29-4BD1-8DAB-EF065F01CB0D}.Debug|iPhone.ActiveCfg = Debug|Any CPU
		{211CFEBE-7B29-4BD1-8DAB-EF065F01CB0D}.Debug|iPhone.Build.0 = Debug|Any CPU
		{211CFEBE-7B29-4BD1-8DAB-EF065F01CB0D}.Debug|iPhoneSimulator.ActiveCfg = Debug|Any CPU
		{211CFEBE-7B29-4BD1-8DAB-EF065F01CB0D}.Debug|iPhoneSimulator.Build.0 = Debug|Any CPU
		{211CFEBE-7B29-4BD1-8DAB-EF065F01CB0D}.Release|Any CPU.ActiveCfg = Release|Any CPU
		{211CFEBE-7B29-4BD1-8DAB-EF065F01CB0D}.Release|Any CPU.Build.0 = Release|Any CPU
		{211CFEBE-7B29-4BD1-8DAB-EF065F01CB0D}.Release|iPhone.ActiveCfg = Release|Any CPU
		{211CFEBE-7B29-4BD1-8DAB-EF065F01CB0D}.Release|iPhone.Build.0 = Release|Any CPU
		{211CFEBE-7B29-4BD1-8DAB-EF065F01CB0D}.Release|iPhoneSimulator.ActiveCfg = Release|Any CPU
		{211CFEBE-7B29-4BD1-8DAB-EF065F01CB0D}.Release|iPhoneSimulator.Build.0 = Release|Any CPU
		{80D294B0-C6FF-4F88-A7C1-4EC14D4B76FA}.Ad-Hoc|Any CPU.ActiveCfg = Debug|Any CPU
		{80D294B0-C6FF-4F88-A7C1-4EC14D4B76FA}.Ad-Hoc|Any CPU.Build.0 = Debug|Any CPU
		{80D294B0-C6FF-4F88-A7C1-4EC14D4B76FA}.Ad-Hoc|iPhone.ActiveCfg = Debug|Any CPU
		{80D294B0-C6FF-4F88-A7C1-4EC14D4B76FA}.Ad-Hoc|iPhone.Build.0 = Debug|Any CPU
		{80D294B0-C6FF-4F88-A7C1-4EC14D4B76FA}.Ad-Hoc|iPhoneSimulator.ActiveCfg = Debug|Any CPU
		{80D294B0-C6FF-4F88-A7C1-4EC14D4B76FA}.Ad-Hoc|iPhoneSimulator.Build.0 = Debug|Any CPU
		{80D294B0-C6FF-4F88-A7C1-4EC14D4B76FA}.AppStore|Any CPU.ActiveCfg = Debug|Any CPU
		{80D294B0-C6FF-4F88-A7C1-4EC14D4B76FA}.AppStore|Any CPU.Build.0 = Debug|Any CPU
		{80D294B0-C6FF-4F88-A7C1-4EC14D4B76FA}.AppStore|iPhone.ActiveCfg = Debug|Any CPU
		{80D294B0-C6FF-4F88-A7C1-4EC14D4B76FA}.AppStore|iPhone.Build.0 = Debug|Any CPU
		{80D294B0-C6FF-4F88-A7C1-4EC14D4B76FA}.AppStore|iPhoneSimulator.ActiveCfg = Debug|Any CPU
		{80D294B0-C6FF-4F88-A7C1-4EC14D4B76FA}.AppStore|iPhoneSimulator.Build.0 = Debug|Any CPU
		{80D294B0-C6FF-4F88-A7C1-4EC14D4B76FA}.Debug|Any CPU.ActiveCfg = Debug|Any CPU
		{80D294B0-C6FF-4F88-A7C1-4EC14D4B76FA}.Debug|Any CPU.Build.0 = Debug|Any CPU
		{80D294B0-C6FF-4F88-A7C1-4EC14D4B76FA}.Debug|iPhone.ActiveCfg = Debug|Any CPU
		{80D294B0-C6FF-4F88-A7C1-4EC14D4B76FA}.Debug|iPhone.Build.0 = Debug|Any CPU
		{80D294B0-C6FF-4F88-A7C1-4EC14D4B76FA}.Debug|iPhoneSimulator.ActiveCfg = Debug|Any CPU
		{80D294B0-C6FF-4F88-A7C1-4EC14D4B76FA}.Debug|iPhoneSimulator.Build.0 = Debug|Any CPU
		{80D294B0-C6FF-4F88-A7C1-4EC14D4B76FA}.Release|Any CPU.ActiveCfg = Release|Any CPU
		{80D294B0-C6FF-4F88-A7C1-4EC14D4B76FA}.Release|Any CPU.Build.0 = Release|Any CPU
		{80D294B0-C6FF-4F88-A7C1-4EC14D4B76FA}.Release|iPhone.ActiveCfg = Release|Any CPU
		{80D294B0-C6FF-4F88-A7C1-4EC14D4B76FA}.Release|iPhone.Build.0 = Release|Any CPU
		{80D294B0-C6FF-4F88-A7C1-4EC14D4B76FA}.Release|iPhoneSimulator.ActiveCfg = Release|Any CPU
		{80D294B0-C6FF-4F88-A7C1-4EC14D4B76FA}.Release|iPhoneSimulator.Build.0 = Release|Any CPU
	EndGlobalSection
	GlobalSection(SolutionProperties) = preSolution
		HideSolutionNode = FALSE
	EndGlobalSection
	GlobalSection(ExtensibilityGlobals) = postSolution
		SolutionGuid = {BC3D472E-DA7F-41EB-B836-712B06F7B21B}
	EndGlobalSection
EndGlobal
